schema: '2.0'
stages:
  data_injection:
    cmd: python src/data/data_injection.py
    deps:
    - path: src/data/data_injection.py
      hash: md5
      md5: 470196a3829b0e1f9513098ccc4f485c
      size: 3928
    params:
      params.yaml:
        data_injection.test_size: 0.4
    outs:
    - path: data/raw
      hash: md5
      md5: 5e2fedb2d35accdce76fd1d413364058.dir
      size: 3116255
      nfiles: 2
  data_preprocessing:
    cmd: python src/data/data_preprocessing.py
    deps:
    - path: data/raw
      hash: md5
      md5: 5e2fedb2d35accdce76fd1d413364058.dir
      size: 3116255
      nfiles: 2
    - path: src/data/data_preprocessing.py
      hash: md5
      md5: 10662ac884b817ce7cdb3612725655df
      size: 4948
    outs:
    - path: data/processed
      hash: md5
      md5: 3dd31e047b3e07226a41596600cbda16.dir
      size: 2151244
      nfiles: 2
  feature_engineering:
    cmd: python ./src/features/feature_engineering.py
    deps:
    - path: data/processed
      hash: md5
      md5: 3dd31e047b3e07226a41596600cbda16.dir
      size: 2151244
      nfiles: 2
    - path: src/features/feature_engineering.py
      hash: md5
      md5: f041f79d02c11f612006d06487664736
      size: 4690
    outs:
    - path: data/features
      hash: md5
      md5: cecbcaa71970744e4291d4502334aae1.dir
      size: 7320534
      nfiles: 2
  train_model:
    cmd: python ./src/models/train_model.py
    deps:
    - path: data/features
      hash: md5
      md5: cecbcaa71970744e4291d4502334aae1.dir
      size: 7320534
      nfiles: 2
    - path: src/models/train_model.py
      hash: md5
      md5: fbfdad3bfe8621d225a56bd7089ccf12
      size: 2474
    outs:
    - path: models/trained_model.pkl
      hash: md5
      md5: 3403a5b621d8b8f42cf4f4cdd9992457
      size: 473449
  predict_model:
    cmd: python ./src/models/predict_model.py
    deps:
    - path: ./data/features/feature_test.csv
      hash: md5
      md5: 56cd2bc774c021fc150f4054bbe6465a
      size: 2928267
    - path: ./models/trained_model.pkl
      hash: md5
      md5: 3403a5b621d8b8f42cf4f4cdd9992457
      size: 473449
    - path: ./src/models/predict_model.py
      hash: md5
      md5: f37d635139230a700d2956adf2defee6
      size: 4902
    outs:
    - path: ./data/predictions/predicted_results.csv
      hash: md5
      md5: fb1aa1c4fa8cbf0afed8e93aaab27a66
      size: 2960283
